
Microsoft Visual Studio Solution File, Format Version 12.00
# Visual Studio Version 17
VisualStudioVersion = 17.14.36518.9 d17.14
MinimumVisualStudioVersion = 10.0.40219.1
Project("{FAE04EC0-301F-11D3-BF4B-00C04F79EFBC}") = "DoctorsService", "DoctorsService\DoctorsService.csproj", "{3FD43A0F-6916-479B-884B-E99DAC4EE13F}"
EndProject
Global
	GlobalSection(SolutionConfigurationPlatforms) = preSolution
		Debug|Any CPU = Debug|Any CPU
		Release|Any CPU = Release|Any CPU
	EndGlobalSection
	GlobalSection(ProjectConfigurationPlatforms) = postSolution
		{3FD43A0F-6916-479B-884B-E99DAC4EE13F}.Debug|Any CPU.ActiveCfg = Debug|Any CPU
		{3FD43A0F-6916-479B-884B-E99DAC4EE13F}.Debug|Any CPU.Build.0 = Debug|Any CPU
		{3FD43A0F-6916-479B-884B-E99DAC4EE13F}.Release|Any CPU.ActiveCfg = Release|Any CPU
		{3FD43A0F-6916-479B-884B-E99DAC4EE13F}.Release|Any CPU.Build.0 = Release|Any CPU
	EndGlobalSection
	GlobalSection(SolutionProperties) = preSolution
		HideSolutionNode = FALSE
	EndGlobalSection
	GlobalSection(ExtensibilityGlobals) = postSolution
		SolutionGuid = {0B0FF673-DD79-4617-8194-D447A031CC91}
	EndGlobalSection
EndGlobal
