
Microsoft Visual Studio Solution File, Format Version 12.00
# Visual Studio Version 17
VisualStudioVersion = 17.14.36518.9 d17.14
MinimumVisualStudioVersion = 10.0.40219.1
Project("{FAE04EC0-301F-11D3-BF4B-00C04F79EFBC}") = "ApiGateway", "ApiGateway\ApiGateway.csproj", "{E3EF111D-FFC0-4A7B-A925-C8C80D5C4CE7}"
EndProject
Global
	GlobalSection(SolutionConfigurationPlatforms) = preSolution
		Debug|Any CPU = Debug|Any CPU
		Release|Any CPU = Release|Any CPU
	EndGlobalSection
	GlobalSection(ProjectConfigurationPlatforms) = postSolution
		{E3EF111D-FFC0-4A7B-A925-C8C80D5C4CE7}.Debug|Any CPU.ActiveCfg = Debug|Any CPU
		{E3EF111D-FFC0-4A7B-A925-C8C80D5C4CE7}.Debug|Any CPU.Build.0 = Debug|Any CPU
		{E3EF111D-FFC0-4A7B-A925-C8C80D5C4CE7}.Release|Any CPU.ActiveCfg = Release|Any CPU
		{E3EF111D-FFC0-4A7B-A925-C8C80D5C4CE7}.Release|Any CPU.Build.0 = Release|Any CPU
	EndGlobalSection
	GlobalSection(SolutionProperties) = preSolution
		HideSolutionNode = FALSE
	EndGlobalSection
	GlobalSection(ExtensibilityGlobals) = postSolution
		SolutionGuid = {C18AF7BA-1E18-4892-89A8-18A41F7780B8}
	EndGlobalSection
EndGlobal
