
Microsoft Visual Studio Solution File, Format Version 12.00
# Visual Studio Version 17
VisualStudioVersion = 17.14.36518.9 d17.14
MinimumVisualStudioVersion = 10.0.40219.1
Project("{FAE04EC0-301F-11D3-BF4B-00C04F79EFBC}") = "PatientsService", "PatientsService\PatientsService.csproj", "{A5089F82-A8C3-4F84-9554-FE344DCD4760}"
EndProject
Global
	GlobalSection(SolutionConfigurationPlatforms) = preSolution
		Debug|Any CPU = Debug|Any CPU
		Release|Any CPU = Release|Any CPU
	EndGlobalSection
	GlobalSection(ProjectConfigurationPlatforms) = postSolution
		{A5089F82-A8C3-4F84-9554-FE344DCD4760}.Debug|Any CPU.ActiveCfg = Debug|Any CPU
		{A5089F82-A8C3-4F84-9554-FE344DCD4760}.Debug|Any CPU.Build.0 = Debug|Any CPU
		{A5089F82-A8C3-4F84-9554-FE344DCD4760}.Release|Any CPU.ActiveCfg = Release|Any CPU
		{A5089F82-A8C3-4F84-9554-FE344DCD4760}.Release|Any CPU.Build.0 = Release|Any CPU
	EndGlobalSection
	GlobalSection(SolutionProperties) = preSolution
		HideSolutionNode = FALSE
	EndGlobalSection
	GlobalSection(ExtensibilityGlobals) = postSolution
		SolutionGuid = {92A72AA4-E08F-4076-BF19-7FD1D331BC12}
	EndGlobalSection
EndGlobal
